<?xml version="1.0" encoding="utf-8"?>
<Project xmlns="http://schemas.microsoft.com/developer/msbuild/2003">
  <ItemGroup>
    <Filter Include="Form Files">
      <UniqueIdentifier>{99349809-55BA-4b9d-BF79-8FDBB0286EB3}</UniqueIdentifier>
      <Extensions>ui</Extensions>
      <ParseFiles>false</ParseFiles>
    </Filter>
    <Filter Include="Form Files">
      <UniqueIdentifier>{99349809-55BA-4b9d-BF79-8FDBB0286EB3}</UniqueIdentifier>
      <Extensions>ui</Extensions>
      <ParseFiles>false</ParseFiles>
    </Filter>
    <Filter Include="Generated Files">
      <UniqueIdentifier>{71ED8ED8-ACB9-4CE9-BBE1-E00B30144E11}</UniqueIdentifier>
      <Extensions>cpp;c;cxx;moc;h;def;odl;idl;res;</Extensions>
    </Filter>
    <Filter Include="Generated Files">
      <UniqueIdentifier>{71ED8ED8-ACB9-4CE9-BBE1-E00B30144E11}</UniqueIdentifier>
      <Extensions>cpp;c;cxx;moc;h;def;odl;idl;res;</Extensions>
    </Filter>
    <Filter Include="Header Files">
      <UniqueIdentifier>{93995380-89BD-4b04-88EB-625FBE52EBFB}</UniqueIdentifier>
      <Extensions>h;hpp;hxx;hm;inl;inc;xsd</Extensions>
    </Filter>
    <Filter Include="Header Files">
      <UniqueIdentifier>{93995380-89BD-4b04-88EB-625FBE52EBFB}</UniqueIdentifier>
      <Extensions>h;hpp;hxx;hm;inl;inc;xsd</Extensions>
    </Filter>
    <Filter Include="Resource Files">
      <UniqueIdentifier>{D9D6E242-F8AF-46E4-B9FD-80ECBC20BA3E}</UniqueIdentifier>
      <Extensions>qrc;*</Extensions>
      <ParseFiles>false</ParseFiles>
    </Filter>
    <Filter Include="Resource Files">
      <UniqueIdentifier>{D9D6E242-F8AF-46E4-B9FD-80ECBC20BA3E}</UniqueIdentifier>
      <Extensions>qrc;*</Extensions>
      <ParseFiles>false</ParseFiles>
    </Filter>
    <Filter Include="Source Files">
      <UniqueIdentifier>{4FC737F1-C7A5-4376-A066-2A32D752A2FF}</UniqueIdentifier>
      <Extensions>cpp;c;cxx;def;odl;idl;hpj;bat;asm;asmx</Extensions>
    </Filter>
    <Filter Include="Source Files">
      <UniqueIdentifier>{4FC737F1-C7A5-4376-A066-2A32D752A2FF}</UniqueIdentifier>
      <Extensions>cpp;c;cxx;def;odl;idl;hpj;bat;asm;asmx</Extensions>
    </Filter>
  </ItemGroup>
  <ItemGroup>
    <ClCompile Include="backend\CommandPattern\CommandManager.cpp">
      <Filter>Source Files</Filter>
    </ClCompile>
    <ClCompile Include="backend\Image.cpp">
      <Filter>Source Files</Filter>
    </ClCompile>
    <ClCompile Include="frontend\InputDialog.cpp">
      <Filter>Source Files</Filter>
    </ClCompile>
    <ClCompile Include="frontend\MainWindow.cpp">
      <Filter>Source Files</Filter>
    </ClCompile>
    <ClCompile Include="backend\Pixel.cpp">
      <Filter>Source Files</Filter>
    </ClCompile>
    <ClCompile Include="backend\basic_utils.cpp">
      <Filter>Source Files</Filter>
    </ClCompile>
    <ClCompile Include="backend\CommandPattern\blurCommand.cpp">
      <Filter>Source Files</Filter>
    </ClCompile>
    <ClCompile Include="backend\CommandPattern\brightnessCommand.cpp">
      <Filter>Source Files</Filter>
    </ClCompile>
    <ClCompile Include="backend\CommandPattern\colorMaskCommand.cpp">
      <Filter>Source Files</Filter>
    </ClCompile>
    <ClCompile Include="backend\CommandPattern\contrastCommand.cpp">
      <Filter>Source Files</Filter>
    </ClCompile>
    <ClCompile Include="backend\CommandPattern\edgeDetectCommand.cpp">
      <Filter>Source Files</Filter>
    </ClCompile>
    <ClCompile Include="backend\CommandPattern\embossCommand.cpp">
      <Filter>Source Files</Filter>
    </ClCompile>
    <ClCompile Include="backend\CommandPattern\flipXCommand.cpp">
      <Filter>Source Files</Filter>
    </ClCompile>
    <ClCompile Include="backend\CommandPattern\flipYCommand.cpp">
      <Filter>Source Files</Filter>
    </ClCompile>
    <ClCompile Include="backend\CommandPattern\grayScaleCommand.cpp">
      <Filter>Source Files</Filter>
    </ClCompile>
    <ClCompile Include="backend\main.cpp">
      <Filter>Source Files</Filter>
    </ClCompile>
    <ClCompile Include="backend\CommandPattern\rotateAntiClockwiseCommand.cpp">
      <Filter>Source Files</Filter>
    </ClCompile>
    <ClCompile Include="backend\CommandPattern\rotateClockwiseCommand.cpp">
      <Filter>Source Files</Filter>
    </ClCompile>
    <ClCompile Include="backend\CommandPattern\scaleCommand.cpp">
      <Filter>Source Files</Filter>
    </ClCompile>
    <ClCompile Include="backend\CommandPattern\sharpenCommand.cpp">
      <Filter>Source Files</Filter>
    </ClCompile>
    <ClCompile Include="backend\CommandPattern\utils.cpp">
      <Filter>Source Files</Filter>
    </ClCompile>
  </ItemGroup>
  <ItemGroup>
    <ClInclude Include="backend\CommandPattern\CommandManager.h">
      <Filter>Header Files</Filter>
    </ClInclude>
    <ClInclude Include="backend\CommandPattern\Commands.h">
      <Filter>Header Files</Filter>
    </ClInclude>
    <ClInclude Include="backend\CommandPattern\ICommand.h">
      <Filter>Header Files</Filter>
    </ClInclude>
    <ClInclude Include="backend\Image.h">
      <Filter>Header Files</Filter>
    </ClInclude>
    <QtMoc Include="frontend\InputDialog.h">
      <Filter>Header Files</Filter>
    </QtMoc>
    <QtMoc Include="frontend\MainWindow.h">
      <Filter>Header Files</Filter>
    </QtMoc>
    <ClInclude Include="backend\Pixel.h">
      <Filter>Header Files</Filter>
    </ClInclude>
    <ClInclude Include="backend\basic_utils.h">
      <Filter>Header Files</Filter>
    </ClInclude>
    <ClInclude Include="backend\CommandPattern\blurCommand.h">
      <Filter>Header Files</Filter>
    </ClInclude>
    <ClInclude Include="backend\CommandPattern\brightnessCommand.h">
      <Filter>Header Files</Filter>
    </ClInclude>
    <ClInclude Include="backend\CommandPattern\colorMaskCommand.h">
      <Filter>Header Files</Filter>
    </ClInclude>
    <ClInclude Include="backend\CommandPattern\contrastCommand.h">
      <Filter>Header Files</Filter>
    </ClInclude>
    <ClInclude Include="backend\CommandPattern\edgeDetectCommand.h">
      <Filter>Header Files</Filter>
    </ClInclude>
    <ClInclude Include="backend\CommandPattern\embossCommand.h">
      <Filter>Header Files</Filter>
    </ClInclude>
    <ClInclude Include="backend\CommandPattern\flipXCommand.h">
      <Filter>Header Files</Filter>
    </ClInclude>
    <ClInclude Include="backend\CommandPattern\flipYCommand.h">
      <Filter>Header Files</Filter>
    </ClInclude>
    <ClInclude Include="backend\CommandPattern\grayScaleCommand.h">
      <Filter>Header Files</Filter>
    </ClInclude>
    <ClInclude Include="backend\CommandPattern\rotateAntiClockwiseCommand.h">
      <Filter>Header Files</Filter>
    </ClInclude>
    <ClInclude Include="backend\CommandPattern\rotateClockwiseCommand.h">
      <Filter>Header Files</Filter>
    </ClInclude>
    <ClInclude Include="backend\CommandPattern\scaleCommand.h">
      <Filter>Header Files</Filter>
    </ClInclude>
    <ClInclude Include="backend\CommandPattern\sharpenCommand.h">
      <Filter>Header Files</Filter>
    </ClInclude>
    <ClInclude Include="backend\CommandPattern\utils.h">
      <Filter>Header Files</Filter>
    </ClInclude>
  </ItemGroup>
  <ItemGroup>
    <CustomBuild Include="debug\moc_predefs.h.cbt">
      <Filter>Generated Files</Filter>
    </CustomBuild>
    <CustomBuild Include="release\moc_predefs.h.cbt">
      <Filter>Generated Files</Filter>
    </CustomBuild>
  </ItemGroup>
  <ItemGroup>
    <QtUic Include="frontend\MainWindow.ui">
      <Filter>Form Files</Filter>
    </QtUic>
  </ItemGroup>
  <ItemGroup>
    <None Include="frontend\resources\icon.png">
      <Filter>Resource Files</Filter>
    </None>
    <None Include="frontend\resources\redo.png">
      <Filter>Resource Files</Filter>
    </None>
    <QtRcc Include="frontend\resources.qrc">
      <Filter>Resource Files</Filter>
    </QtRcc>
    <None Include="frontend\resources\undo.png">
      <Filter>Resource Files</Filter>
    </None>
    <None Include="frontend\resources\zoom-adapt.png">
      <Filter>Resource Files</Filter>
    </None>
    <None Include="frontend\resources\zoom-in.png">
      <Filter>Resource Files</Filter>
    </None>
    <None Include="frontend\resources\zoom-out.png">
      <Filter>Resource Files</Filter>
    </None>
  </ItemGroup>
</Project>